
Microsoft Visual Studio Solution File, Format Version 12.00
# Visual Studio Version 16
VisualStudioVersion = 16.0.30523.141
MinimumVisualStudioVersion = 10.0.40219.1
Project("{FAE04EC0-301F-11D3-BF4B-00C04F79EFBC}") = "Reposteria", "Reposteria\Reposteria.csproj", "{EEBE031D-21A6-44B2-8DEB-15B545788225}"
EndProject
Global
	GlobalSection(SolutionConfigurationPlatforms) = preSolution
		Debug|Any CPU = Debug|Any CPU
		Release|Any CPU = Release|Any CPU
	EndGlobalSection
	GlobalSection(ProjectConfigurationPlatforms) = postSolution
		{EEBE031D-21A6-44B2-8DEB-15B545788225}.Debug|Any CPU.ActiveCfg = Debug|Any CPU
		{EEBE031D-21A6-44B2-8DEB-15B545788225}.Debug|Any CPU.Build.0 = Debug|Any CPU
		{EEBE031D-21A6-44B2-8DEB-15B545788225}.Release|Any CPU.ActiveCfg = Release|Any CPU
		{EEBE031D-21A6-44B2-8DEB-15B545788225}.Release|Any CPU.Build.0 = Release|Any CPU
	EndGlobalSection
	GlobalSection(SolutionProperties) = preSolution
		HideSolutionNode = FALSE
	EndGlobalSection
	GlobalSection(ExtensibilityGlobals) = postSolution
		SolutionGuid = {6BABA160-2978-456D-A28E-27F793C03836}
	EndGlobalSection
EndGlobal
